
Microsoft Visual Studio Solution File, Format Version 12.00
# Visual Studio 15
VisualStudioVersion = 15.0.28010.2036
MinimumVisualStudioVersion = 10.0.40219.1
Project("{FAE04EC0-301F-11D3-BF4B-00C04F79EFBC}") = "FrameWorkUnitTests", "FrameWorkUnitTests\FrameWorkUnitTests.csproj", "{1A64431E-F270-4172-8B02-F9636445D19C}"
EndProject
Project("{FAE04EC0-301F-11D3-BF4B-00C04F79EFBC}") = "RGO", "FWO\RGO.csproj", "{E18EF332-DB01-4DC5-A85F-2308DBAF5275}"
EndProject
Project("{FAE04EC0-301F-11D3-BF4B-00C04F79EFBC}") = "FWOServiceTests", "FWOTestingApplication\FWOServiceTests.csproj", "{AC219A74-FF0B-4D6A-A6E5-EB89C0B08FC1}"
EndProject
Project("{FAE04EC0-301F-11D3-BF4B-00C04F79EFBC}") = "FWOClientTests", "FWOClientTests\FWOClientTests.csproj", "{EECAD8BA-92DB-40E2-841C-52905E616471}"
EndProject
Project("{2150E333-8FDC-42A3-9474-1A3956D46DE8}") = "Tests", "Tests", "{2003C615-557D-45D7-82A1-FA9A0F08AB8A}"
EndProject
Global
	GlobalSection(SolutionConfigurationPlatforms) = preSolution
		Debug|Any CPU = Debug|Any CPU
		Release|Any CPU = Release|Any CPU
	EndGlobalSection
	GlobalSection(ProjectConfigurationPlatforms) = postSolution
		{1A64431E-F270-4172-8B02-F9636445D19C}.Debug|Any CPU.ActiveCfg = Debug|Any CPU
		{1A64431E-F270-4172-8B02-F9636445D19C}.Debug|Any CPU.Build.0 = Debug|Any CPU
		{1A64431E-F270-4172-8B02-F9636445D19C}.Release|Any CPU.ActiveCfg = Release|Any CPU
		{1A64431E-F270-4172-8B02-F9636445D19C}.Release|Any CPU.Build.0 = Release|Any CPU
		{E18EF332-DB01-4DC5-A85F-2308DBAF5275}.Debug|Any CPU.ActiveCfg = Debug|Any CPU
		{E18EF332-DB01-4DC5-A85F-2308DBAF5275}.Debug|Any CPU.Build.0 = Debug|Any CPU
		{E18EF332-DB01-4DC5-A85F-2308DBAF5275}.Release|Any CPU.ActiveCfg = Release|Any CPU
		{E18EF332-DB01-4DC5-A85F-2308DBAF5275}.Release|Any CPU.Build.0 = Release|Any CPU
		{AC219A74-FF0B-4D6A-A6E5-EB89C0B08FC1}.Debug|Any CPU.ActiveCfg = Debug|Any CPU
		{AC219A74-FF0B-4D6A-A6E5-EB89C0B08FC1}.Debug|Any CPU.Build.0 = Debug|Any CPU
		{AC219A74-FF0B-4D6A-A6E5-EB89C0B08FC1}.Release|Any CPU.ActiveCfg = Release|Any CPU
		{AC219A74-FF0B-4D6A-A6E5-EB89C0B08FC1}.Release|Any CPU.Build.0 = Release|Any CPU
		{EECAD8BA-92DB-40E2-841C-52905E616471}.Debug|Any CPU.ActiveCfg = Debug|Any CPU
		{EECAD8BA-92DB-40E2-841C-52905E616471}.Debug|Any CPU.Build.0 = Debug|Any CPU
		{EECAD8BA-92DB-40E2-841C-52905E616471}.Release|Any CPU.ActiveCfg = Release|Any CPU
		{EECAD8BA-92DB-40E2-841C-52905E616471}.Release|Any CPU.Build.0 = Release|Any CPU
	EndGlobalSection
	GlobalSection(SolutionProperties) = preSolution
		HideSolutionNode = FALSE
	EndGlobalSection
	GlobalSection(NestedProjects) = preSolution
		{1A64431E-F270-4172-8B02-F9636445D19C} = {2003C615-557D-45D7-82A1-FA9A0F08AB8A}
		{AC219A74-FF0B-4D6A-A6E5-EB89C0B08FC1} = {2003C615-557D-45D7-82A1-FA9A0F08AB8A}
		{EECAD8BA-92DB-40E2-841C-52905E616471} = {2003C615-557D-45D7-82A1-FA9A0F08AB8A}
	EndGlobalSection
	GlobalSection(ExtensibilityGlobals) = postSolution
		SolutionGuid = {B43A522D-6FDA-473D-93C3-10FB018D62BE}
	EndGlobalSection
EndGlobal
